{
  "name": "skredvarselgarmin",
  "version": "1.0.0",
  "lockfileVersion": 3,
  "requires": true,
  "packages": {
    "": {
      "name": "skredvarselgarmin",
      "version": "1.0.0",
      "license": "ISC",
      "devDependencies": {
        "@markw65/prettier-plugin-monkeyc": "^1.0.44",
        "prettier": "^2.8.4"
      }
    },
    "node_modules/@markw65/prettier-plugin-monkeyc": {
      "version": "1.0.44",
      "dev": true,
      "license": "MIT",
      "peerDependencies": {
        "prettier": "^2.5.1"
      }
    },
    "node_modules/prettier": {
      "version": "2.8.4",
      "dev": true,
      "license": "MIT",
      "bin": {
        "prettier": "bin-prettier.js"
      },
      "engines": {
        "node": ">=10.13.0"
      },
      "funding": {
        "url": "https://github.com/prettier/prettier?sponsor=1"
      }
    }
  }
}
