
Microsoft Visual Studio Solution File, Format Version 12.00
# Visual Studio Version 17
VisualStudioVersion = 17.0.31903.59
MinimumVisualStudioVersion = 10.0.40219.1
Project("{FAE04EC0-301F-11D3-BF4B-00C04F79EFBC}") = "SkredvarselGarminWeb", "SkredvarselGarminWeb\SkredvarselGarminWeb.csproj", "{870942F6-24F5-4A6F-AFCA-E302999CEE5B}"
EndProject
Project("{FAE04EC0-301F-11D3-BF4B-00C04F79EFBC}") = "SkredvarselGarminWeb.Tests", "SkredvarselGarminWeb.Tests\SkredvarselGarminWeb.Tests.csproj", "{A8D63882-7303-49D9-B3ED-C2E73DF02947}"
EndProject
Global
	GlobalSection(SolutionConfigurationPlatforms) = preSolution
		Debug|Any CPU = Debug|Any CPU
		Release|Any CPU = Release|Any CPU
	EndGlobalSection
	GlobalSection(SolutionProperties) = preSolution
		HideSolutionNode = FALSE
	EndGlobalSection
	GlobalSection(ProjectConfigurationPlatforms) = postSolution
		{870942F6-24F5-4A6F-AFCA-E302999CEE5B}.Debug|Any CPU.ActiveCfg = Debug|Any CPU
		{870942F6-24F5-4A6F-AFCA-E302999CEE5B}.Debug|Any CPU.Build.0 = Debug|Any CPU
		{870942F6-24F5-4A6F-AFCA-E302999CEE5B}.Release|Any CPU.ActiveCfg = Release|Any CPU
		{870942F6-24F5-4A6F-AFCA-E302999CEE5B}.Release|Any CPU.Build.0 = Release|Any CPU
		{A8D63882-7303-49D9-B3ED-C2E73DF02947}.Debug|Any CPU.ActiveCfg = Debug|Any CPU
		{A8D63882-7303-49D9-B3ED-C2E73DF02947}.Debug|Any CPU.Build.0 = Debug|Any CPU
		{A8D63882-7303-49D9-B3ED-C2E73DF02947}.Release|Any CPU.ActiveCfg = Release|Any CPU
		{A8D63882-7303-49D9-B3ED-C2E73DF02947}.Release|Any CPU.Build.0 = Release|Any CPU
	EndGlobalSection
EndGlobal
